// !$*UTF8*$!
{
	archiveVersion = 1;
	classes = {
	};
	objectVersion = 77;
	objects = {

/* Begin PBXContainerItemProxy section */
		49D1E0182F8922B3003647F4 /* PBXContainerItemProxy */ = {
			isa = PBXContainerItemProxy;
			containerPortal = 49D1DFF92F8922B1003647F4 /* Project object */;
			proxyType = 1;
			remoteGlobalIDString = 49D1E0002F8922B1003647F4;
			remoteInfo = "ELF Assessment";
		};
		49D1E0222F8922B3003647F4 /* PBXContainerItemProxy */ = {
			isa = PBXContainerItemProxy;
			containerPortal = 49D1DFF92F8922B1003647F4 /* Project object */;
			proxyType = 1;
			remoteGlobalIDString = 49D1E0002F8922B1003647F4;
			remoteInfo = "ELF Assessment";
		};
/* End PBXContainerItemProxy section */

/* Begin PBXFileReference section */
		49D1E0012F8922B1003647F4 /* ELF Assessment.app */ = {isa = PBXFileReference; explicitFileType = wrapper.application; includeInIndex = 0; path = "ELF Assessment.app"; sourceTree = BUILT_PRODUCTS_DIR; };
		49D1E0172F8922B3003647F4 /* ELF AssessmentTests.xctest */ = {isa = PBXFileReference; explicitFileType = wrapper.cfbundle; includeInIndex = 0; path = "ELF AssessmentTests.xctest"; sourceTree = BUILT_PRODUCTS_DIR; };
		49D1E0212F8922B3003647F4 /* ELF AssessmentUITests.xctest */ = {isa = PBXFileReference; explicitFileType = wrapper.cfbundle; includeInIndex = 0; path = "ELF AssessmentUITests.xctest"; sourceTree = BUILT_PRODUCTS_DIR; };
/* End PBXFileReference section */

/* Begin PBXFileSystemSynchronizedBuildFileExceptionSet section */
		49D1E0292F8922B3003647F4 /* Exceptions for "ELF Assessment" folder in "ELF Assessment" target */ = {
			isa = PBXFileSystemSynchronizedBuildFileExceptionSet;
			membershipExceptions = (
				Info.plist,
				README.md,
				"Tests/ELF AssessmentTests/ELF_AssessmentTests.swift",
				"Tests/ELF AssessmentTests/Mock/MockRepoService.swift",
				"Tests/ELF AssessmentUITests/ELF_AssessmentUITests.swift",
				"Tests/ELF AssessmentUITests/ELF_AssessmentUITestsLaunchTests.swift",
			);
			target = 49D1E0002F8922B1003647F4 /* ELF Assessment */;
		};
		49D6C90C2F896B430051EB70 /* Exceptions for "ELF Assessment" folder in "ELF AssessmentTests" target */ = {
			isa = PBXFileSystemSynchronizedBuildFileExceptionSet;
			membershipExceptions = (
				"Tests/ELF AssessmentTests/ELF_AssessmentTests.swift",
				"Tests/ELF AssessmentTests/Mock/MockRepoService.swift",
			);
			target = 49D1E0162F8922B3003647F4 /* ELF AssessmentTests */;
		};
		49D6C90D2F896B430051EB70 /* Exceptions for "ELF Assessment" folder in "ELF AssessmentUITests" target */ = {
			isa = PBXFileSystemSynchronizedBuildFileExceptionSet;
			membershipExceptions = (
				"Tests/ELF AssessmentUITests/ELF_AssessmentUITests.swift",
				"Tests/ELF AssessmentUITests/ELF_AssessmentUITestsLaunchTests.swift",
			);
			target = 49D1E0202F8922B3003647F4 /* ELF AssessmentUITests */;
		};
/* End PBXFileSystemSynchronizedBuildFileExceptionSet section */

/* Begin PBXFileSystemSynchronizedGroupBuildPhaseMembershipExceptionSet section */
		49A9F8AB2F8940CF0065F743 /* Exceptions for "ELF Assessment" folder in "Compile Sources" phase from "ELF Assessment" target */ = {
			isa = PBXFileSystemSynchronizedGroupBuildPhaseMembershipExceptionSet;
			buildPhase = 49D1DFFD2F8922B1003647F4 /* Sources */;
			membershipExceptions = (
				README.md,
			);
		};
/* End PBXFileSystemSynchronizedGroupBuildPhaseMembershipExceptionSet section */

/* Begin PBXFileSystemSynchronizedRootGroup section */
		49D1E0032F8922B1003647F4 /* ELF Assessment */ = {
			isa = PBXFileSystemSynchronizedRootGroup;
			exceptions = (
				49D1E0292F8922B3003647F4 /* Exceptions for "ELF Assessment" folder in "ELF Assessment" target */,
				49A9F8AB2F8940CF0065F743 /* Exceptions for "ELF Assessment" folder in "Compile Sources" phase from "ELF Assessment" target */,
				49D6C90C2F896B430051EB70 /* Exceptions for "ELF Assessment" folder in "ELF AssessmentTests" target */,
				49D6C90D2F896B430051EB70 /* Exceptions for "ELF Assessment" folder in "ELF AssessmentUITests" target */,
			);
			path = "ELF Assessment";
			sourceTree = "<group>";
		};
/* End PBXFileSystemSynchronizedRootGroup section */

/* Begin PBXFrameworksBuildPhase section */
		49D1DFFE2F8922B1003647F4 /* Frameworks */ = {
			isa = PBXFrameworksBuildPhase;
			buildActionMask = 2147483647;
			files = (
			);
			runOnlyForDeploymentPostprocessing = 0;
		};
		49D1E0142F8922B3003647F4 /* Frameworks */ = {
			isa = PBXFrameworksBuildPhase;
			buildActionMask = 2147483647;
			files = (
			);
			runOnlyForDeploymentPostprocessing = 0;
		};
		49D1E01E2F8922B3003647F4 /* Frameworks */ = {
			isa = PBXFrameworksBuildPhase;
			buildActionMask = 2147483647;
			files = (
			);
			runOnlyForDeploymentPostprocessing = 0;
		};
/* End PBXFrameworksBuildPhase section */

/* Begin PBXGroup section */
		49D1DFF82F8922B1003647F4 = {
			isa = PBXGroup;
			children = (
				49D1E0032F8922B1003647F4 /* ELF Assessment */,
				49D1E0022F8922B1003647F4 /* Products */,
			);
			sourceTree = "<group>";
		};
		49D1E0022F8922B1003647F4 /* Products */ = {
			isa = PBXGroup;
			children = (
				49D1E0012F8922B1003647F4 /* ELF Assessment.app */,
				49D1E0172F8922B3003647F4 /* ELF AssessmentTests.xctest */,
				49D1E0212F8922B3003647F4 /* ELF AssessmentUITests.xctest */,
			);
			name = Products;
			sourceTree = "<group>";
		};
/* End PBXGroup section */

/* Begin PBXNativeTarget section */
		49D1E0002F8922B1003647F4 /* ELF Assessment */ = {
			isa = PBXNativeTarget;
			buildConfigurationList = 49D1E02A2F8922B3003647F4 /* Build configuration list for PBXNativeTarget "ELF Assessment" */;
			buildPhases = (
				49D1DFFD2F8922B1003647F4 /* Sources */,
				49D1DFFE2F8922B1003647F4 /* Frameworks */,
				49D1DFFF2F8922B1003647F4 /* Resources */,
			);
			buildRules = (
			);
			dependencies = (
			);
			fileSystemSynchronizedGroups = (
				49D1E0032F8922B1003647F4 /* ELF Assessment */,
			);
			name = "ELF Assessment";
			packageProductDependencies = (
			);
			productName = "ELF Assessment";
			productReference = 49D1E0012F8922B1003647F4 /* ELF Assessment.app */;
			productType = "com.apple.product-type.application";
		};
		49D1E0162F8922B3003647F4 /* ELF AssessmentTests */ = {
			isa = PBXNativeTarget;
			buildConfigurationList = 49D1E02F2F8922B3003647F4 /* Build configuration list for PBXNativeTarget "ELF AssessmentTests" */;
			buildPhases = (
				49D1E0132F8922B3003647F4 /* Sources */,
				49D1E0142F8922B3003647F4 /* Frameworks */,
				49D1E0152F8922B3003647F4 /* Resources */,
			);
			buildRules = (
			);
			dependencies = (
				49D1E0192F8922B3003647F4 /* PBXTargetDependency */,
			);
			name = "ELF AssessmentTests";
			packageProductDependencies = (
			);
			productName = "ELF AssessmentTests";
			productReference = 49D1E0172F8922B3003647F4 /* ELF AssessmentTests.xctest */;
			productType = "com.apple.product-type.bundle.unit-test";
		};
		49D1E0202F8922B3003647F4 /* ELF AssessmentUITests */ = {
			isa = PBXNativeTarget;
			buildConfigurationList = 49D1E0322F8922B3003647F4 /* Build configuration list for PBXNativeTarget "ELF AssessmentUITests" */;
			buildPhases = (
				49D1E01D2F8922B3003647F4 /* Sources */,
				49D1E01E2F8922B3003647F4 /* Frameworks */,
				49D1E01F2F8922B3003647F4 /* Resources */,
			);
			buildRules = (
			);
			dependencies = (
				49D1E0232F8922B3003647F4 /* PBXTargetDependency */,
			);
			name = "ELF AssessmentUITests";
			packageProductDependencies = (
			);
			productName = "ELF AssessmentUITests";
			productReference = 49D1E0212F8922B3003647F4 /* ELF AssessmentUITests.xctest */;
			productType = "com.apple.product-type.bundle.ui-testing";
		};
/* End PBXNativeTarget section */

/* Begin PBXProject section */
		49D1DFF92F8922B1003647F4 /* Project object */ = {
			isa = PBXProject;
			attributes = {
				BuildIndependentTargetsInParallel = 1;
				LastSwiftUpdateCheck = 2640;
				LastUpgradeCheck = 2640;
				TargetAttributes = {
					49D1E0002F8922B1003647F4 = {
						CreatedOnToolsVersion = 26.4;
					};
					49D1E0162F8922B3003647F4 = {
						CreatedOnToolsVersion = 26.4;
						TestTargetID = 49D1E0002F8922B1003647F4;
					};
					49D1E0202F8922B3003647F4 = {
						CreatedOnToolsVersion = 26.4;
						TestTargetID = 49D1E0002F8922B1003647F4;
					};
				};
			};
			buildConfigurationList = 49D1DFFC2F8922B1003647F4 /* Build configuration list for PBXProject "ELF Assessment" */;
			developmentRegion = en;
			hasScannedForEncodings = 0;
			knownRegions = (
				en,
				Base,
			);
			mainGroup = 49D1DFF82F8922B1003647F4;
			minimizedProjectReferenceProxies = 1;
			preferredProjectObjectVersion = 77;
			productRefGroup = 49D1E0022F8922B1003647F4 /* Products */;
			projectDirPath = "";
			projectRoot = "";
			targets = (
				49D1E0002F8922B1003647F4 /* ELF Assessment */,
				49D1E0162F8922B3003647F4 /* ELF AssessmentTests */,
				49D1E0202F8922B3003647F4 /* ELF AssessmentUITests */,
			);
		};
/* End PBXProject section */

/* Begin PBXResourcesBuildPhase section */
		49D1DFFF2F8922B1003647F4 /* Resources */ = {
			isa = PBXResourcesBuildPhase;
			buildActionMask = 2147483647;
			files = (
			);
			runOnlyForDeploymentPostprocessing = 0;
		};
		49D1E0152F8922B3003647F4 /* Resources */ = {
			isa = PBXResourcesBuildPhase;
			buildActionMask = 2147483647;
			files = (
			);
			runOnlyForDeploymentPostprocessing = 0;
		};
		49D1E01F2F8922B3003647F4 /* Resources */ = {
			isa = PBXResourcesBuildPhase;
			buildActionMask = 2147483647;
			files = (
			);
			runOnlyForDeploymentPostprocessing = 0;
		};
/* End PBXResourcesBuildPhase section */

/* Begin PBXSourcesBuildPhase section */
		49D1DFFD2F8922B1003647F4 /* Sources */ = {
			isa = PBXSourcesBuildPhase;
			buildActionMask = 2147483647;
			files = (
			);
			runOnlyForDeploymentPostprocessing = 0;
		};
		49D1E0132F8922B3003647F4 /* Sources */ = {
			isa = PBXSourcesBuildPhase;
			buildActionMask = 2147483647;
			files = (
			);
			runOnlyForDeploymentPostprocessing = 0;
		};
		49D1E01D2F8922B3003647F4 /* Sources */ = {
			isa = PBXSourcesBuildPhase;
			buildActionMask = 2147483647;
			files = (
			);
			runOnlyForDeploymentPostprocessing = 0;
		};
/* End PBXSourcesBuildPhase section */

/* Begin PBXTargetDependency section */
		49D1E0192F8922B3003647F4 /* PBXTargetDependency */ = {
			isa = PBXTargetDependency;
			target = 49D1E0002F8922B1003647F4 /* ELF Assessment */;
			targetProxy = 49D1E0182F8922B3003647F4 /* PBXContainerItemProxy */;
		};
		49D1E0232F8922B3003647F4 /* PBXTargetDependency */ = {
			isa = PBXTargetDependency;
			target = 49D1E0002F8922B1003647F4 /* ELF Assessment */;
			targetProxy = 49D1E0222F8922B3003647F4 /* PBXContainerItemProxy */;
		};
/* End PBXTargetDependency section */

/* Begin XCBuildConfiguration section */
		49D1E02B2F8922B3003647F4 /* Debug */ = {
			isa = XCBuildConfiguration;
			buildSettings = {
				ASSETCATALOG_COMPILER_APPICON_NAME = AppIcon;
				ASSETCATALOG_COMPILER_GLOBAL_ACCENT_COLOR_NAME = AccentColor;
				CODE_SIGN_STYLE = Automatic;
				CURRENT_PROJECT_VERSION = 1;
				GENERATE_INFOPLIST_FILE = YES;
				INFOPLIST_FILE = "ELF Assessment/Info.plist";
				INFOPLIST_KEY_UIApplicationSupportsIndirectInputEvents = YES;
				INFOPLIST_KEY_UILaunchStoryboardName = LaunchScreen;
				INFOPLIST_KEY_UIMainStoryboardFile = Main;
				INFOPLIST_KEY_UISupportedInterfaceOrientations_iPad = "UIInterfaceOrientationPortrait UIInterfaceOrientationPortraitUpsideDown UIInterfaceOrientationLandscapeLeft UIInterfaceOrientationLandscapeRight";
				INFOPLIST_KEY_UISupportedInterfaceOrientations_iPhone = "UIInterfaceOrientationPortrait UIInterfaceOrientationLandscapeLeft UIInterfaceOrientationLandscapeRight";
				LD_RUNPATH_SEARCH_PATHS = (
					"$(inherited)",
					"@executable_path/Frameworks",
				);
				MARKETING_VERSION = 1.0;
				PRODUCT_BUNDLE_IDENTIFIER = "com.elf.ELF-Assessment";
				PRODUCT_NAME = "$(TARGET_NAME)";
				STRING_CATALOG_GENERATE_SYMBOLS = YES;
				SWIFT_APPROACHABLE_CONCURRENCY = YES;
				SWIFT_DEFAULT_ACTOR_ISOLATION = MainActor;
				SWIFT_EMIT_LOC_STRINGS = YES;
				SWIFT_UPCOMING_FEATURE_MEMBER_IMPORT_VISIBILITY = YES;
				SWIFT_VERSION = 5.0;
				TARGETED_DEVICE_FAMILY = "1,2";
			};
			name = Debug;
		};
		49D1E02C2F8922B3003647F4 /* Release */ = {
			isa = XCBuildConfiguration;
			buildSettings = {
				ASSETCATALOG_COMPILER_APPICON_NAME = AppIcon;
				ASSETCATALOG_COMPILER_GLOBAL_ACCENT_COLOR_NAME = AccentColor;
				CODE_SIGN_STYLE = Automatic;
				CURRENT_PROJECT_VERSION = 1;
				GENERATE_INFOPLIST_FILE = YES;
				INFOPLIST_FILE = "ELF Assessment/Info.plist";
				INFOPLIST_KEY_UIApplicationSupportsIndirectInputEvents = YES;
				INFOPLIST_KEY_UILaunchStoryboardName = LaunchScreen;
				INFOPLIST_KEY_UIMainStoryboardFile = Main;
				INFOPLIST_KEY_UISupportedInterfaceOrientations_iPad = "UIInterfaceOrientationPortrait UIInterfaceOrientationPortraitUpsideDown UIInterfaceOrientationLandscapeLeft UIInterfaceOrientationLandscapeRight";
				INFOPLIST_KEY_UISupportedInterfaceOrientations_iPhone = "UIInterfaceOrientationPortrait UIInterfaceOrientationLandscapeLeft UIInterfaceOrientationLandscapeRight";
				LD_RUNPATH_SEARCH_PATHS = (
					"$(inherited)",
					"@executable_path/Frameworks",
				);
				MARKETING_VERSION = 1.0;
				PRODUCT_BUNDLE_IDENTIFIER = "com.elf.ELF-Assessment";
				PRODUCT_NAME = "$(TARGET_NAME)";
				STRING_CATALOG_GENERATE_SYMBOLS = YES;
				SWIFT_APPROACHABLE_CONCURRENCY = YES;
				SWIFT_DEFAULT_ACTOR_ISOLATION = MainActor;
				SWIFT_EMIT_LOC_STRINGS = YES;
				SWIFT_UPCOMING_FEATURE_MEMBER_IMPORT_VISIBILITY = YES;
				SWIFT_VERSION = 5.0;
				TARGETED_DEVICE_FAMILY = "1,2";
			};
			name = Release;
		};
		49D1E02D2F8922B3003647F4 /* Debug */ = {
			isa = XCBuildConfiguration;
			buildSettings = {
				ALWAYS_SEARCH_USER_PATHS = NO;
				ASSETCATALOG_COMPILER_GENERATE_SWIFT_ASSET_SYMBOL_EXTENSIONS = YES;
				CLANG_ANALYZER_NONNULL = YES;
				CLANG_ANALYZER_NUMBER_OBJECT_CONVERSION = YES_AGGRESSIVE;
				CLANG_CXX_LANGUAGE_STANDARD = "gnu++20";
				CLANG_ENABLE_MODULES = YES;
				CLANG_ENABLE_OBJC_ARC = YES;
				CLANG_ENABLE_OBJC_WEAK = YES;
				CLANG_WARN_BLOCK_CAPTURE_AUTORELEASING = YES;
				CLANG_WARN_BOOL_CONVERSION = YES;
				CLANG_WARN_COMMA = YES;
				CLANG_WARN_CONSTANT_CONVERSION = YES;
				CLANG_WARN_DEPRECATED_OBJC_IMPLEMENTATIONS = YES;
				CLANG_WARN_DIRECT_OBJC_ISA_USAGE = YES_ERROR;
				CLANG_WARN_DOCUMENTATION_COMMENTS = YES;
				CLANG_WARN_EMPTY_BODY = YES;
				CLANG_WARN_ENUM_CONVERSION = YES;
				CLANG_WARN_INFINITE_RECURSION = YES;
				CLANG_WARN_INT_CONVERSION = YES;
				CLANG_WARN_NON_LITERAL_NULL_CONVERSION = YES;
				CLANG_WARN_OBJC_IMPLICIT_RETAIN_SELF = YES;
				CLANG_WARN_OBJC_LITERAL_CONVERSION = YES;
				CLANG_WARN_OBJC_ROOT_CLASS = YES_ERROR;
				CLANG_WARN_QUOTED_INCLUDE_IN_FRAMEWORK_HEADER = YES;
				CLANG_WARN_RANGE_LOOP_ANALYSIS = YES;
				CLANG_WARN_STRICT_PROTOTYPES = YES;
				CLANG_WARN_SUSPICIOUS_MOVE = YES;
				CLANG_WARN_UNGUARDED_AVAILABILITY = YES_AGGRESSIVE;
				CLANG_WARN_UNREACHABLE_CODE = YES;
				CLANG_WARN__DUPLICATE_METHOD_MATCH = YES;
				COPY_PHASE_STRIP = NO;
				DEBUG_INFORMATION_FORMAT = dwarf;
				ENABLE_STRICT_OBJC_MSGSEND = YES;
				ENABLE_TESTABILITY = YES;
				ENABLE_USER_SCRIPT_SANDBOXING = YES;
				GCC_C_LANGUAGE_STANDARD = gnu17;
				GCC_DYNAMIC_NO_PIC = NO;
				GCC_NO_COMMON_BLOCKS = YES;
				GCC_OPTIMIZATION_LEVEL = 0;
				GCC_PREPROCESSOR_DEFINITIONS = (
					"DEBUG=1",
					"$(inherited)",
				);
				GCC_WARN_64_TO_32_BIT_CONVERSION = YES;
				GCC_WARN_ABOUT_RETURN_TYPE = YES_ERROR;
				GCC_WARN_UNDECLARED_SELECTOR = YES;
				GCC_WARN_UNINITIALIZED_AUTOS = YES_AGGRESSIVE;
				GCC_WARN_UNUSED_FUNCTION = YES;
				GCC_WARN_UNUSED_VARIABLE = YES;
				IPHONEOS_DEPLOYMENT_TARGET = 26.4;
				LOCALIZATION_PREFERS_STRING_CATALOGS = YES;
				MTL_ENABLE_DEBUG_INFO = INCLUDE_SOURCE;
				MTL_FAST_MATH = YES;
				ONLY_ACTIVE_ARCH = YES;
				SDKROOT = iphoneos;
				SWIFT_ACTIVE_COMPILATION_CONDITIONS = "DEBUG $(inherited)";
				SWIFT_OPTIMIZATION_LEVEL = "-Onone";
			};
			name = Debug;
		};
		49D1E02E2F8922B3003647F4 /* Release */ = {
			isa = XCBuildConfiguration;
			buildSettings = {
				ALWAYS_SEARCH_USER_PATHS = NO;
				ASSETCATALOG_COMPILER_GENERATE_SWIFT_ASSET_SYMBOL_EXTENSIONS = YES;
				CLANG_ANALYZER_NONNULL = YES;
				CLANG_ANALYZER_NUMBER_OBJECT_CONVERSION = YES_AGGRESSIVE;
				CLANG_CXX_LANGUAGE_STANDARD = "gnu++20";
				CLANG_ENABLE_MODULES = YES;
				CLANG_ENABLE_OBJC_ARC = YES;
				CLANG_ENABLE_OBJC_WEAK = YES;
				CLANG_WARN_BLOCK_CAPTURE_AUTORELEASING = YES;
				CLANG_WARN_BOOL_CONVERSION = YES;
				CLANG_WARN_COMMA = YES;
				CLANG_WARN_CONSTANT_CONVERSION = YES;
				CLANG_WARN_DEPRECATED_OBJC_IMPLEMENTATIONS = YES;
				CLANG_WARN_DIRECT_OBJC_ISA_USAGE = YES_ERROR;
				CLANG_WARN_DOCUMENTATION_COMMENTS = YES;
				CLANG_WARN_EMPTY_BODY = YES;
				CLANG_WARN_ENUM_CONVERSION = YES;
				CLANG_WARN_INFINITE_RECURSION = YES;
				CLANG_WARN_INT_CONVERSION = YES;
				CLANG_WARN_NON_LITERAL_NULL_CONVERSION = YES;
				CLANG_WARN_OBJC_IMPLICIT_RETAIN_SELF = YES;
				CLANG_WARN_OBJC_LITERAL_CONVERSION = YES;
				CLANG_WARN_OBJC_ROOT_CLASS = YES_ERROR;
				CLANG_WARN_QUOTED_INCLUDE_IN_FRAMEWORK_HEADER = YES;
				CLANG_WARN_RANGE_LOOP_ANALYSIS = YES;
				CLANG_WARN_STRICT_PROTOTYPES = YES;
				CLANG_WARN_SUSPICIOUS_MOVE = YES;
				CLANG_WARN_UNGUARDED_AVAILABILITY = YES_AGGRESSIVE;
				CLANG_WARN_UNREACHABLE_CODE = YES;
				CLANG_WARN__DUPLICATE_METHOD_MATCH = YES;
				COPY_PHASE_STRIP = NO;
				DEBUG_INFORMATION_FORMAT = "dwarf-with-dsym";
				ENABLE_NS_ASSERTIONS = NO;
				ENABLE_STRICT_OBJC_MSGSEND = YES;
				ENABLE_USER_SCRIPT_SANDBOXING = YES;
				GCC_C_LANGUAGE_STANDARD = gnu17;
				GCC_NO_COMMON_BLOCKS = YES;
				GCC_WARN_64_TO_32_BIT_CONVERSION = YES;
				GCC_WARN_ABOUT_RETURN_TYPE = YES_ERROR;
				GCC_WARN_UNDECLARED_SELECTOR = YES;
				GCC_WARN_UNINITIALIZED_AUTOS = YES_AGGRESSIVE;
				GCC_WARN_UNUSED_FUNCTION = YES;
				GCC_WARN_UNUSED_VARIABLE = YES;
				IPHONEOS_DEPLOYMENT_TARGET = 26.4;
				LOCALIZATION_PREFERS_STRING_CATALOGS = YES;
				MTL_ENABLE_DEBUG_INFO = NO;
				MTL_FAST_MATH = YES;
				SDKROOT = iphoneos;
				SWIFT_COMPILATION_MODE = wholemodule;
				VALIDATE_PRODUCT = YES;
			};
			name = Release;
		};
		49D1E0302F8922B3003647F4 /* Debug */ = {
			isa = XCBuildConfiguration;
			buildSettings = {
				BUNDLE_LOADER = "$(TEST_HOST)";
				CODE_SIGN_STYLE = Automatic;
				CURRENT_PROJECT_VERSION = 1;
				GENERATE_INFOPLIST_FILE = YES;
				IPHONEOS_DEPLOYMENT_TARGET = 26.4;
				MARKETING_VERSION = 1.0;
				PRODUCT_BUNDLE_IDENTIFIER = "com.elf.ELF-AssessmentTests";
				PRODUCT_NAME = "$(TARGET_NAME)";
				STRING_CATALOG_GENERATE_SYMBOLS = NO;
				SWIFT_APPROACHABLE_CONCURRENCY = YES;
				SWIFT_EMIT_LOC_STRINGS = NO;
				SWIFT_UPCOMING_FEATURE_MEMBER_IMPORT_VISIBILITY = YES;
				SWIFT_VERSION = 5.0;
				TARGETED_DEVICE_FAMILY = "1,2";
				TEST_HOST = "$(BUILT_PRODUCTS_DIR)/ELF Assessment.app/$(BUNDLE_EXECUTABLE_FOLDER_PATH)/ELF Assessment";
			};
			name = Debug;
		};
		49D1E0312F8922B3003647F4 /* Release */ = {
			isa = XCBuildConfiguration;
			buildSettings = {
				BUNDLE_LOADER = "$(TEST_HOST)";
				CODE_SIGN_STYLE = Automatic;
				CURRENT_PROJECT_VERSION = 1;
				GENERATE_INFOPLIST_FILE = YES;
				IPHONEOS_DEPLOYMENT_TARGET = 26.4;
				MARKETING_VERSION = 1.0;
				PRODUCT_BUNDLE_IDENTIFIER = "com.elf.ELF-AssessmentTests";
				PRODUCT_NAME = "$(TARGET_NAME)";
				STRING_CATALOG_GENERATE_SYMBOLS = NO;
				SWIFT_APPROACHABLE_CONCURRENCY = YES;
				SWIFT_EMIT_LOC_STRINGS = NO;
				SWIFT_UPCOMING_FEATURE_MEMBER_IMPORT_VISIBILITY = YES;
				SWIFT_VERSION = 5.0;
				TARGETED_DEVICE_FAMILY = "1,2";
				TEST_HOST = "$(BUILT_PRODUCTS_DIR)/ELF Assessment.app/$(BUNDLE_EXECUTABLE_FOLDER_PATH)/ELF Assessment";
			};
			name = Release;
		};
		49D1E0332F8922B3003647F4 /* Debug */ = {
			isa = XCBuildConfiguration;
			buildSettings = {
				CODE_SIGN_STYLE = Automatic;
				CURRENT_PROJECT_VERSION = 1;
				GENERATE_INFOPLIST_FILE = YES;
				MARKETING_VERSION = 1.0;
				PRODUCT_BUNDLE_IDENTIFIER = "com.elf.ELF-AssessmentUITests";
				PRODUCT_NAME = "$(TARGET_NAME)";
				STRING_CATALOG_GENERATE_SYMBOLS = NO;
				SWIFT_APPROACHABLE_CONCURRENCY = YES;
				SWIFT_EMIT_LOC_STRINGS = NO;
				SWIFT_UPCOMING_FEATURE_MEMBER_IMPORT_VISIBILITY = YES;
				SWIFT_VERSION = 5.0;
				TARGETED_DEVICE_FAMILY = "1,2";
				TEST_TARGET_NAME = "ELF Assessment";
			};
			name = Debug;
		};
		49D1E0342F8922B3003647F4 /* Release */ = {
			isa = XCBuildConfiguration;
			buildSettings = {
				CODE_SIGN_STYLE = Automatic;
				CURRENT_PROJECT_VERSION = 1;
				GENERATE_INFOPLIST_FILE = YES;
				MARKETING_VERSION = 1.0;
				PRODUCT_BUNDLE_IDENTIFIER = "com.elf.ELF-AssessmentUITests";
				PRODUCT_NAME = "$(TARGET_NAME)";
				STRING_CATALOG_GENERATE_SYMBOLS = NO;
				SWIFT_APPROACHABLE_CONCURRENCY = YES;
				SWIFT_EMIT_LOC_STRINGS = NO;
				SWIFT_UPCOMING_FEATURE_MEMBER_IMPORT_VISIBILITY = YES;
				SWIFT_VERSION = 5.0;
				TARGETED_DEVICE_FAMILY = "1,2";
				TEST_TARGET_NAME = "ELF Assessment";
			};
			name = Release;
		};
/* End XCBuildConfiguration section */

/* Begin XCConfigurationList section */
		49D1DFFC2F8922B1003647F4 /* Build configuration list for PBXProject "ELF Assessment" */ = {
			isa = XCConfigurationList;
			buildConfigurations = (
				49D1E02D2F8922B3003647F4 /* Debug */,
				49D1E02E2F8922B3003647F4 /* Release */,
			);
			defaultConfigurationIsVisible = 0;
			defaultConfigurationName = Release;
		};
		49D1E02A2F8922B3003647F4 /* Build configuration list for PBXNativeTarget "ELF Assessment" */ = {
			isa = XCConfigurationList;
			buildConfigurations = (
				49D1E02B2F8922B3003647F4 /* Debug */,
				49D1E02C2F8922B3003647F4 /* Release */,
			);
			defaultConfigurationIsVisible = 0;
			defaultConfigurationName = Release;
		};
		49D1E02F2F8922B3003647F4 /* Build configuration list for PBXNativeTarget "ELF AssessmentTests" */ = {
			isa = XCConfigurationList;
			buildConfigurations = (
				49D1E0302F8922B3003647F4 /* Debug */,
				49D1E0312F8922B3003647F4 /* Release */,
			);
			defaultConfigurationIsVisible = 0;
			defaultConfigurationName = Release;
		};
		49D1E0322F8922B3003647F4 /* Build configuration list for PBXNativeTarget "ELF AssessmentUITests" */ = {
			isa = XCConfigurationList;
			buildConfigurations = (
				49D1E0332F8922B3003647F4 /* Debug */,
				49D1E0342F8922B3003647F4 /* Release */,
			);
			defaultConfigurationIsVisible = 0;
			defaultConfigurationName = Release;
		};
/* End XCConfigurationList section */
	};
	rootObject = 49D1DFF92F8922B1003647F4 /* Project object */;
}
